Microsoft Visual Studio Solution File, Format Version 12.00
# Visual Studio Version 17
VisualStudioVersion = 17.5.2.0
MinimumVisualStudioVersion = 10.0.40219.1
Project("{FAE04EC0-301F-11D3-BF4B-00C04F79EFBC}") = "IPK25CHAT", "IPK25CHAT.csproj", "{1C50F3FD-B136-BF72-AD0D-4B4309CBAD3C}"
EndProject
Global
	GlobalSection(SolutionConfigurationPlatforms) = preSolution
		Debug|Any CPU = Debug|Any CPU
		Release|Any CPU = Release|Any CPU
	EndGlobalSection
	GlobalSection(ProjectConfigurationPlatforms) = postSolution
		{1C50F3FD-B136-BF72-AD0D-4B4309CBAD3C}.Debug|Any CPU.ActiveCfg = Debug|Any CPU
		{1C50F3FD-B136-BF72-AD0D-4B4309CBAD3C}.Debug|Any CPU.Build.0 = Debug|Any CPU
		{1C50F3FD-B136-BF72-AD0D-4B4309CBAD3C}.Release|Any CPU.ActiveCfg = Release|Any CPU
		{1C50F3FD-B136-BF72-AD0D-4B4309CBAD3C}.Release|Any CPU.Build.0 = Release|Any CPU
	EndGlobalSection
	GlobalSection(SolutionProperties) = preSolution
		HideSolutionNode = FALSE
	EndGlobalSection
	GlobalSection(ExtensibilityGlobals) = postSolution
		SolutionGuid = {BDEC9052-3877-43C4-AB9B-93D203C9AAE1}
	EndGlobalSection
EndGlobal
